
Microsoft Visual Studio Solution File, Format Version 12.00
# Visual Studio Version 17
VisualStudioVersion = 17.12.35527.113
MinimumVisualStudioVersion = 10.0.40219.1
Project("{FAE04EC0-301F-11D3-BF4B-00C04F79EFBC}") = "Mission6_Chapman", "Mission6\Mission6_Chapman.csproj", "{5ECDB9CE-AD30-4D8B-9D81-B7F9EF0C1202}"
EndProject
Global
	GlobalSection(SolutionConfigurationPlatforms) = preSolution
		Debug|Any CPU = Debug|Any CPU
		Release|Any CPU = Release|Any CPU
	EndGlobalSection
	GlobalSection(ProjectConfigurationPlatforms) = postSolution
		{5ECDB9CE-AD30-4D8B-9D81-B7F9EF0C1202}.Debug|Any CPU.ActiveCfg = Debug|Any CPU
		{5ECDB9CE-AD30-4D8B-9D81-B7F9EF0C1202}.Debug|Any CPU.Build.0 = Debug|Any CPU
		{5ECDB9CE-AD30-4D8B-9D81-B7F9EF0C1202}.Release|Any CPU.ActiveCfg = Release|Any CPU
		{5ECDB9CE-AD30-4D8B-9D81-B7F9EF0C1202}.Release|Any CPU.Build.0 = Release|Any CPU
	EndGlobalSection
	GlobalSection(SolutionProperties) = preSolution
		HideSolutionNode = FALSE
	EndGlobalSection
EndGlobal
